// !$*UTF8*$!
{
	archiveVersion = 1;
	classes = {
	};
	objectVersion = 46;
	objects = {

/* Begin PBXBuildFile section */
		9FDD82FB1DAF2FF400EADEAC /* main.m in Sources */ = {isa = PBXBuildFile; fileRef = 9FDD82FA1DAF2FF400EADEAC /* main.m */; };
		9FDD82FE1DAF2FF400EADEAC /* AppDelegate.m in Sources */ = {isa = PBXBuildFile; fileRef = 9FDD82FD1DAF2FF400EADEAC /* AppDelegate.m */; };
		9FDD83011DAF2FF500EADEAC /* ViewController.m in Sources */ = {isa = PBXBuildFile; fileRef = 9FDD83001DAF2FF500EADEAC /* ViewController.m */; };
		9FDD83041DAF2FF500EADEAC /* Main.storyboard in Resources */ = {isa = PBXBuildFile; fileRef = 9FDD83021DAF2FF500EADEAC /* Main.storyboard */; };
		9FDD83061DAF2FF500EADEAC /* Assets.xcassets in Resources */ = {isa = PBXBuildFile; fileRef = 9FDD83051DAF2FF500EADEAC /* Assets.xcassets */; };
		9FDD83091DAF2FF500EADEAC /* LaunchScreen.storyboard in Resources */ = {isa = PBXBuildFile; fileRef = 9FDD83071DAF2FF500EADEAC /* LaunchScreen.storyboard */; };
/* End PBXBuildFile section */

/* Begin PBXFileReference section */
		9FDD82F61DAF2FF400EADEAC /* RunLoop演示.app */ = {isa = PBXFileReference; explicitFileType = wrapper.application; includeInIndex = 0; path = "RunLoop演示.app"; sourceTree = BUILT_PRODUCTS_DIR; };
		9FDD82FA1DAF2FF400EADEAC /* main.m */ = {isa = PBXFileReference; lastKnownFileType = sourcecode.c.objc; lineEnding = 0; path = main.m; sourceTree = "<group>"; xcLanguageSpecificationIdentifier = xcode.lang.objc; };
		9FDD82FC1DAF2FF400EADEAC /* AppDelegate.h */ = {isa = PBXFileReference; lastKnownFileType = sourcecode.c.h; lineEnding = 0; path = AppDelegate.h; sourceTree = "<group>"; xcLanguageSpecificationIdentifier = xcode.lang.objcpp; };
		9FDD82FD1DAF2FF400EADEAC /* AppDelegate.m */ = {isa = PBXFileReference; lastKnownFileType = sourcecode.c.objc; lineEnding = 0; path = AppDelegate.m; sourceTree = "<group>"; xcLanguageSpecificationIdentifier = xcode.lang.objc; };
		9FDD82FF1DAF2FF500EADEAC /* ViewController.h */ = {isa = PBXFileReference; lastKnownFileType = sourcecode.c.h; lineEnding = 0; path = ViewController.h; sourceTree = "<group>"; xcLanguageSpecificationIdentifier = xcode.lang.objcpp; };
		9FDD83001DAF2FF500EADEAC /* ViewController.m */ = {isa = PBXFileReference; lastKnownFileType = sourcecode.c.objc; path = ViewController.m; sourceTree = "<group>"; };
		9FDD83031DAF2FF500EADEAC /* Base */ = {isa = PBXFileReference; lastKnownFileType = file.storyboard; name = Base; path = Base.lproj/Main.storyboard; sourceTree = "<group>"; };
		9FDD83051DAF2FF500EADEAC /* Assets.xcassets */ = {isa = PBXFileReference; lastKnownFileType = folder.assetcatalog; path = Assets.xcassets; sourceTree = "<group>"; };
		9FDD83081DAF2FF500EADEAC /* Base */ = {isa = PBXFileReference; lastKnownFileType = file.storyboard; name = Base; path = Base.lproj/LaunchScreen.storyboard; sourceTree = "<group>"; };
		9FDD830A1DAF2FF500EADEAC /* Info.plist */ = {isa = PBXFileReference; lastKnownFileType = text.plist.xml; path = Info.plist; sourceTree = "<group>"; };
/* End PBXFileReference section */

/* Begin PBXFrameworksBuildPhase section */
		9FDD82F31DAF2FF400EADEAC /* Frameworks */ = {
			isa = PBXFrameworksBuildPhase;
			buildActionMask = 2147483647;
			files = (
			);
			runOnlyForDeploymentPostprocessing = 0;
		};
/* End PBXFrameworksBuildPhase section */

/* Begin PBXGroup section */
		9FDD82ED1DAF2FF400EADEAC = {
			isa = PBXGroup;
			children = (
				9FDD82F81DAF2FF400EADEAC /* RunLoop演示 */,
				9FDD82F71DAF2FF400EADEAC /* Products */,
			);
			sourceTree = "<group>";
		};
		9FDD82F71DAF2FF400EADEAC /* Products */ = {
			isa = PBXGroup;
			children = (
				9FDD82F61DAF2FF400EADEAC /* RunLoop演示.app */,
			);
			name = Products;
			sourceTree = "<group>";
		};
		9FDD82F81DAF2FF400EADEAC /* RunLoop演示 */ = {
			isa = PBXGroup;
			children = (
				9FDD82FC1DAF2FF400EADEAC /* AppDelegate.h */,
				9FDD82FD1DAF2FF400EADEAC /* AppDelegate.m */,
				9FDD82FF1DAF2FF500EADEAC /* ViewController.h */,
				9FDD83001DAF2FF500EADEAC /* ViewController.m */,
				9FDD83021DAF2FF500EADEAC /* Main.storyboard */,
				9FDD82F91DAF2FF400EADEAC /* Supporting Files */,
			);
			path = "RunLoop演示";
			sourceTree = "<group>";
		};
		9FDD82F91DAF2FF400EADEAC /* Supporting Files */ = {
			isa = PBXGroup;
			children = (
				9FDD82FA1DAF2FF400EADEAC /* main.m */,
				9FDD83051DAF2FF500EADEAC /* Assets.xcassets */,
				9FDD83071DAF2FF500EADEAC /* LaunchScreen.storyboard */,
				9FDD830A1DAF2FF500EADEAC /* Info.plist */,
			);
			name = "Supporting Files";
			sourceTree = "<group>";
		};
/* End PBXGroup section */

/* Begin PBXNativeTarget section */
		9FDD82F51DAF2FF400EADEAC /* RunLoop演示 */ = {
			isa = PBXNativeTarget;
			buildConfigurationList = 9FDD830D1DAF2FF500EADEAC /* Build configuration list for PBXNativeTarget "RunLoop演示" */;
			buildPhases = (
				9FDD82F21DAF2FF400EADEAC /* Sources */,
				9FDD82F31DAF2FF400EADEAC /* Frameworks */,
				9FDD82F41DAF2FF400EADEAC /* Resources */,
			);
			buildRules = (
			);
			dependencies = (
			);
			name = "RunLoop演示";
			productName = "RunLoop演示";
			productReference = 9FDD82F61DAF2FF400EADEAC /* RunLoop演示.app */;
			productType = "com.apple.product-type.application";
		};
/* End PBXNativeTarget section */

/* Begin PBXProject section */
		9FDD82EE1DAF2FF400EADEAC /* Project object */ = {
			isa = PBXProject;
			attributes = {
				LastUpgradeCheck = 0720;
				ORGANIZATIONNAME = "升";
				TargetAttributes = {
					9FDD82F51DAF2FF400EADEAC = {
						CreatedOnToolsVersion = 7.2;
					};
				};
			};
			buildConfigurationList = 9FDD82F11DAF2FF400EADEAC /* Build configuration list for PBXProject "RunLoop演示" */;
			compatibilityVersion = "Xcode 3.2";
			developmentRegion = English;
			hasScannedForEncodings = 0;
			knownRegions = (
				en,
				Base,
			);
			mainGroup = 9FDD82ED1DAF2FF400EADEAC;
			productRefGroup = 9FDD82F71DAF2FF400EADEAC /* Products */;
			projectDirPath = "";
			projectRoot = "";
			targets = (
				9FDD82F51DAF2FF400EADEAC /* RunLoop演示 */,
			);
		};
/* End PBXProject section */

/* Begin PBXResourcesBuildPhase section */
		9FDD82F41DAF2FF400EADEAC /* Resources */ = {
			isa = PBXResourcesBuildPhase;
			buildActionMask = 2147483647;
			files = (
				9FDD83091DAF2FF500EADEAC /* LaunchScreen.storyboard in Resources */,
				9FDD83061DAF2FF500EADEAC /* Assets.xcassets in Resources */,
				9FDD83041DAF2FF500EADEAC /* Main.storyboard in Resources */,
			);
			runOnlyForDeploymentPostprocessing = 0;
		};
/* End PBXResourcesBuildPhase section */

/* Begin PBXSourcesBuildPhase section */
		9FDD82F21DAF2FF400EADEAC /* Sources */ = {
			isa = PBXSourcesBuildPhase;
			buildActionMask = 2147483647;
			files = (
				9FDD83011DAF2FF500EADEAC /* ViewController.m in Sources */,
				9FDD82FE1DAF2FF400EADEAC /* AppDelegate.m in Sources */,
				9FDD82FB1DAF2FF400EADEAC /* main.m in Sources */,
			);
			runOnlyForDeploymentPostprocessing = 0;
		};
/* End PBXSourcesBuildPhase section */

/* Begin PBXVariantGroup section */
		9FDD83021DAF2FF500EADEAC /* Main.storyboard */ = {
			isa = PBXVariantGroup;
			children = (
				9FDD83031DAF2FF500EADEAC /* Base */,
			);
			name = Main.storyboard;
			sourceTree = "<group>";
		};
		9FDD83071DAF2FF500EADEAC /* LaunchScreen.storyboard */ = {
			isa = PBXVariantGroup;
			children = (
				9FDD83081DAF2FF500EADEAC /* Base */,
			);
			name = LaunchScreen.storyboard;
			sourceTree = "<group>";
		};
/* End PBXVariantGroup section */

/* Begin XCBuildConfiguration section */
		9FDD830B1DAF2FF500EADEAC /* Debug */ = {
			isa = XCBuildConfiguration;
			buildSettings = {
				ALWAYS_SEARCH_USER_PATHS = NO;
				CLANG_CXX_LANGUAGE_STANDARD = "gnu++0x";
				CLANG_CXX_LIBRARY = "libc++";
				CLANG_ENABLE_MODULES = YES;
				CLANG_ENABLE_OBJC_ARC = YES;
				CLANG_WARN_BOOL_CONVERSION = YES;
				CLANG_WARN_CONSTANT_CONVERSION = YES;
				CLANG_WARN_DIRECT_OBJC_ISA_USAGE = YES_ERROR;
				CLANG_WARN_EMPTY_BODY = YES;
				CLANG_WARN_ENUM_CONVERSION = YES;
				CLANG_WARN_INT_CONVERSION = YES;
				CLANG_WARN_OBJC_ROOT_CLASS = YES_ERROR;
				CLANG_WARN_UNREACHABLE_CODE = YES;
				CLANG_WARN__DUPLICATE_METHOD_MATCH = YES;
				"CODE_SIGN_IDENTITY[sdk=iphoneos*]" = "iPhone Developer";
				COPY_PHASE_STRIP = NO;
				DEBUG_INFORMATION_FORMAT = dwarf;
				ENABLE_STRICT_OBJC_MSGSEND = YES;
				ENABLE_TESTABILITY = YES;
				GCC_C_LANGUAGE_STANDARD = gnu99;
				GCC_DYNAMIC_NO_PIC = NO;
				GCC_NO_COMMON_BLOCKS = YES;
				GCC_OPTIMIZATION_LEVEL = 0;
				GCC_PREPROCESSOR_DEFINITIONS = (
					"DEBUG=1",
					"$(inherited)",
				);
				GCC_WARN_64_TO_32_BIT_CONVERSION = YES;
				GCC_WARN_ABOUT_RETURN_TYPE = YES_ERROR;
				GCC_WARN_UNDECLARED_SELECTOR = YES;
				GCC_WARN_UNINITIALIZED_AUTOS = YES_AGGRESSIVE;
				GCC_WARN_UNUSED_FUNCTION = YES;
				GCC_WARN_UNUSED_VARIABLE = YES;
				IPHONEOS_DEPLOYMENT_TARGET = 9.2;
				MTL_ENABLE_DEBUG_INFO = YES;
				ONLY_ACTIVE_ARCH = YES;
				SDKROOT = iphoneos;
				TARGETED_DEVICE_FAMILY = "1,2";
			};
			name = Debug;
		};
		9FDD830C1DAF2FF500EADEAC /* Release */ = {
			isa = XCBuildConfiguration;
			buildSettings = {
				ALWAYS_SEARCH_USER_PATHS = NO;
				CLANG_CXX_LANGUAGE_STANDARD = "gnu++0x";
				CLANG_CXX_LIBRARY = "libc++";
				CLANG_ENABLE_MODULES = YES;
				CLANG_ENABLE_OBJC_ARC = YES;
				CLANG_WARN_BOOL_CONVERSION = YES;
				CLANG_WARN_CONSTANT_CONVERSION = YES;
				CLANG_WARN_DIRECT_OBJC_ISA_USAGE = YES_ERROR;
				CLANG_WARN_EMPTY_BODY = YES;
				CLANG_WARN_ENUM_CONVERSION = YES;
				CLANG_WARN_INT_CONVERSION = YES;
				CLANG_WARN_OBJC_ROOT_CLASS = YES_ERROR;
				CLANG_WARN_UNREACHABLE_CODE = YES;
				CLANG_WARN__DUPLICATE_METHOD_MATCH = YES;
				"CODE_SIGN_IDENTITY[sdk=iphoneos*]" = "iPhone Developer";
				COPY_PHASE_STRIP = NO;
				DEBUG_INFORMATION_FORMAT = "dwarf-with-dsym";
				ENABLE_NS_ASSERTIONS = NO;
				ENABLE_STRICT_OBJC_MSGSEND = YES;
				GCC_C_LANGUAGE_STANDARD = gnu99;
				GCC_NO_COMMON_BLOCKS = YES;
				GCC_WARN_64_TO_32_BIT_CONVERSION = YES;
				GCC_WARN_ABOUT_RETURN_TYPE = YES_ERROR;
				GCC_WARN_UNDECLARED_SELECTOR = YES;
				GCC_WARN_UNINITIALIZED_AUTOS = YES_AGGRESSIVE;
				GCC_WARN_UNUSED_FUNCTION = YES;
				GCC_WARN_UNUSED_VARIABLE = YES;
				IPHONEOS_DEPLOYMENT_TARGET = 9.2;
				MTL_ENABLE_DEBUG_INFO = NO;
				SDKROOT = iphoneos;
				TARGETED_DEVICE_FAMILY = "1,2";
				VALIDATE_PRODUCT = YES;
			};
			name = Release;
		};
		9FDD830E1DAF2FF500EADEAC /* Debug */ = {
			isa = XCBuildConfiguration;
			buildSettings = {
				ASSETCATALOG_COMPILER_APPICON_NAME = AppIcon;
				INFOPLIST_FILE = "RunLoop演示/Info.plist";
				LD_RUNPATH_SEARCH_PATHS = "$(inherited) @executable_path/Frameworks";
				PRODUCT_BUNDLE_IDENTIFIER = "zuo.RunLoop--";
				PRODUCT_NAME = "$(TARGET_NAME)";
			};
			name = Debug;
		};
		9FDD830F1DAF2FF500EADEAC /* Release */ = {
			isa = XCBuildConfiguration;
			buildSettings = {
				ASSETCATALOG_COMPILER_APPICON_NAME = AppIcon;
				INFOPLIST_FILE = "RunLoop演示/Info.plist";
				LD_RUNPATH_SEARCH_PATHS = "$(inherited) @executable_path/Frameworks";
				PRODUCT_BUNDLE_IDENTIFIER = "zuo.RunLoop--";
				PRODUCT_NAME = "$(TARGET_NAME)";
			};
			name = Release;
		};
/* End XCBuildConfiguration section */

/* Begin XCConfigurationList section */
		9FDD82F11DAF2FF400EADEAC /* Build configuration list for PBXProject "RunLoop演示" */ = {
			isa = XCConfigurationList;
			buildConfigurations = (
				9FDD830B1DAF2FF500EADEAC /* Debug */,
				9FDD830C1DAF2FF500EADEAC /* Release */,
			);
			defaultConfigurationIsVisible = 0;
			defaultConfigurationName = Release;
		};
		9FDD830D1DAF2FF500EADEAC /* Build configuration list for PBXNativeTarget "RunLoop演示" */ = {
			isa = XCConfigurationList;
			buildConfigurations = (
				9FDD830E1DAF2FF500EADEAC /* Debug */,
				9FDD830F1DAF2FF500EADEAC /* Release */,
			);
			defaultConfigurationIsVisible = 0;
			defaultConfigurationName = Release;
		};
/* End XCConfigurationList section */
	};
	rootObject = 9FDD82EE1DAF2FF400EADEAC /* Project object */;
}
